// !$*UTF8*$!
{
	archiveVersion = 1;
	classes = {
	};
	objectVersion = 46;
	objects = {

/* Begin PBXBuildFile section */
		9807DC931F1BEFA700D98404 /* main.cpp in Sources */ = {isa = PBXBuildFile; fileRef = 9807DC921F1BEFA700D98404 /* main.cpp */; };
		9807DC9F1F1C0BE200D98404 /* libSDL2-2.0.0.dylib in Frameworks */ = {isa = PBXBuildFile; fileRef = 9807DC9E1F1C0BE200D98404 /* libSDL2-2.0.0.dylib */; };
/* End PBXBuildFile section */

/* Begin PBXCopyFilesBuildPhase section */
		9807DC8D1F1BEFA700D98404 /* CopyFiles */ = {
			isa = PBXCopyFilesBuildPhase;
			buildActionMask = 2147483647;
			dstPath = /usr/share/man/man1/;
			dstSubfolderSpec = 0;
			files = (
			);
			runOnlyForDeploymentPostprocessing = 1;
		};
/* End PBXCopyFilesBuildPhase section */

/* Begin PBXFileReference section */
		9807DC8F1F1BEFA700D98404 /* Game-project */ = {isa = PBXFileReference; explicitFileType = "compiled.mach-o.executable"; includeInIndex = 0; path = "Game-project"; sourceTree = BUILT_PRODUCTS_DIR; };
		9807DC921F1BEFA700D98404 /* main.cpp */ = {isa = PBXFileReference; lastKnownFileType = sourcecode.cpp.cpp; path = main.cpp; sourceTree = "<group>"; };
		9807DC9A1F1BEFF100D98404 /* libSDL2-2.0.0.dylib */ = {isa = PBXFileReference; lastKnownFileType = "compiled.mach-o.dylib"; name = "libSDL2-2.0.0.dylib"; path = "../../../../usr/local/Cellar/sdl2/2.0.5/lib/libSDL2-2.0.0.dylib"; sourceTree = "<group>"; };
		9807DC9C1F1C04D400D98404 /* libSDL2_image-2.0.0.dylib */ = {isa = PBXFileReference; lastKnownFileType = "compiled.mach-o.dylib"; name = "libSDL2_image-2.0.0.dylib"; path = "../../../../usr/local/Cellar/sdl2_image/2.0.1_2/lib/libSDL2_image-2.0.0.dylib"; sourceTree = "<group>"; };
		9807DC9E1F1C0BE200D98404 /* libSDL2-2.0.0.dylib */ = {isa = PBXFileReference; lastKnownFileType = "compiled.mach-o.dylib"; name = "libSDL2-2.0.0.dylib"; path = "Game-project/Dependancies/SDL/Mac/lib/libSDL2-2.0.0.dylib"; sourceTree = "<group>"; };
/* End PBXFileReference section */

/* Begin PBXFrameworksBuildPhase section */
		9807DC8C1F1BEFA700D98404 /* Frameworks */ = {
			isa = PBXFrameworksBuildPhase;
			buildActionMask = 2147483647;
			files = (
				9807DC9F1F1C0BE200D98404 /* libSDL2-2.0.0.dylib in Frameworks */,
			);
			runOnlyForDeploymentPostprocessing = 0;
		};
/* End PBXFrameworksBuildPhase section */

/* Begin PBXGroup section */
		9807DC861F1BEFA700D98404 = {
			isa = PBXGroup;
			children = (
				9807DC911F1BEFA700D98404 /* Game-project */,
				9807DC901F1BEFA700D98404 /* Products */,
				9807DC991F1BEFF100D98404 /* Frameworks */,
			);
			sourceTree = "<group>";
		};
		9807DC901F1BEFA700D98404 /* Products */ = {
			isa = PBXGroup;
			children = (
				9807DC8F1F1BEFA700D98404 /* Game-project */,
			);
			name = Products;
			sourceTree = "<group>";
		};
		9807DC911F1BEFA700D98404 /* Game-project */ = {
			isa = PBXGroup;
			children = (
				9807DC921F1BEFA700D98404 /* main.cpp */,
			);
			path = "Game-project";
			sourceTree = "<group>";
		};
		9807DC991F1BEFF100D98404 /* Frameworks */ = {
			isa = PBXGroup;
			children = (
				9807DC9E1F1C0BE200D98404 /* libSDL2-2.0.0.dylib */,
				9807DC9C1F1C04D400D98404 /* libSDL2_image-2.0.0.dylib */,
				9807DC9A1F1BEFF100D98404 /* libSDL2-2.0.0.dylib */,
			);
			name = Frameworks;
			sourceTree = "<group>";
		};
/* End PBXGroup section */

/* Begin PBXNativeTarget section */
		9807DC8E1F1BEFA700D98404 /* Game-project */ = {
			isa = PBXNativeTarget;
			buildConfigurationList = 9807DC961F1BEFA700D98404 /* Build configuration list for PBXNativeTarget "Game-project" */;
			buildPhases = (
				9807DC8B1F1BEFA700D98404 /* Sources */,
				9807DC8C1F1BEFA700D98404 /* Frameworks */,
				9807DC8D1F1BEFA700D98404 /* CopyFiles */,
			);
			buildRules = (
			);
			dependencies = (
			);
			name = "Game-project";
			productName = "Game-project";
			productReference = 9807DC8F1F1BEFA700D98404 /* Game-project */;
			productType = "com.apple.product-type.tool";
		};
/* End PBXNativeTarget section */

/* Begin PBXProject section */
		9807DC871F1BEFA700D98404 /* Project object */ = {
			isa = PBXProject;
			attributes = {
				LastUpgradeCheck = 0830;
				ORGANIZATIONNAME = "Aatina Punjabi";
				TargetAttributes = {
					9807DC8E1F1BEFA700D98404 = {
						CreatedOnToolsVersion = 8.3.3;
						ProvisioningStyle = Automatic;
					};
				};
			};
			buildConfigurationList = 9807DC8A1F1BEFA700D98404 /* Build configuration list for PBXProject "Game-project" */;
			compatibilityVersion = "Xcode 3.2";
			developmentRegion = English;
			hasScannedForEncodings = 0;
			knownRegions = (
				en,
			);
			mainGroup = 9807DC861F1BEFA700D98404;
			productRefGroup = 9807DC901F1BEFA700D98404 /* Products */;
			projectDirPath = "";
			projectRoot = "";
			targets = (
				9807DC8E1F1BEFA700D98404 /* Game-project */,
			);
		};
/* End PBXProject section */

/* Begin PBXSourcesBuildPhase section */
		9807DC8B1F1BEFA700D98404 /* Sources */ = {
			isa = PBXSourcesBuildPhase;
			buildActionMask = 2147483647;
			files = (
				9807DC931F1BEFA700D98404 /* main.cpp in Sources */,
			);
			runOnlyForDeploymentPostprocessing = 0;
		};
/* End PBXSourcesBuildPhase section */

/* Begin XCBuildConfiguration section */
		9807DC941F1BEFA700D98404 /* Debug */ = {
			isa = XCBuildConfiguration;
			buildSettings = {
				ALWAYS_SEARCH_USER_PATHS = NO;
				CLANG_ANALYZER_NONNULL = YES;
				CLANG_ANALYZER_NUMBER_OBJECT_CONVERSION = YES_AGGRESSIVE;
				CLANG_CXX_LANGUAGE_STANDARD = "gnu++0x";
				CLANG_CXX_LIBRARY = "libc++";
				CLANG_ENABLE_MODULES = YES;
				CLANG_ENABLE_OBJC_ARC = YES;
				CLANG_WARN_BOOL_CONVERSION = YES;
				CLANG_WARN_CONSTANT_CONVERSION = YES;
				CLANG_WARN_DIRECT_OBJC_ISA_USAGE = YES_ERROR;
				CLANG_WARN_DOCUMENTATION_COMMENTS = YES;
				CLANG_WARN_EMPTY_BODY = YES;
				CLANG_WARN_ENUM_CONVERSION = YES;
				CLANG_WARN_INFINITE_RECURSION = YES;
				CLANG_WARN_INT_CONVERSION = YES;
				CLANG_WARN_OBJC_ROOT_CLASS = YES_ERROR;
				CLANG_WARN_SUSPICIOUS_MOVE = YES;
				CLANG_WARN_UNREACHABLE_CODE = YES;
				CLANG_WARN__DUPLICATE_METHOD_MATCH = YES;
				CODE_SIGN_IDENTITY = "-";
				COPY_PHASE_STRIP = NO;
				DEBUG_INFORMATION_FORMAT = dwarf;
				ENABLE_STRICT_OBJC_MSGSEND = YES;
				ENABLE_TESTABILITY = YES;
				GCC_C_LANGUAGE_STANDARD = gnu99;
				GCC_DYNAMIC_NO_PIC = NO;
				GCC_NO_COMMON_BLOCKS = YES;
				GCC_OPTIMIZATION_LEVEL = 0;
				GCC_PREPROCESSOR_DEFINITIONS = (
					"DEBUG=1",
					"$(inherited)",
				);
				GCC_WARN_64_TO_32_BIT_CONVERSION = YES;
				GCC_WARN_ABOUT_RETURN_TYPE = YES_ERROR;
				GCC_WARN_UNDECLARED_SELECTOR = YES;
				GCC_WARN_UNINITIALIZED_AUTOS = YES_AGGRESSIVE;
				GCC_WARN_UNUSED_FUNCTION = YES;
				GCC_WARN_UNUSED_VARIABLE = YES;
				MACOSX_DEPLOYMENT_TARGET = 10.12;
				MTL_ENABLE_DEBUG_INFO = YES;
				ONLY_ACTIVE_ARCH = YES;
				SDKROOT = macosx;
			};
			name = Debug;
		};
		9807DC951F1BEFA700D98404 /* Release */ = {
			isa = XCBuildConfiguration;
			buildSettings = {
				ALWAYS_SEARCH_USER_PATHS = NO;
				CLANG_ANALYZER_NONNULL = YES;
				CLANG_ANALYZER_NUMBER_OBJECT_CONVERSION = YES_AGGRESSIVE;
				CLANG_CXX_LANGUAGE_STANDARD = "gnu++0x";
				CLANG_CXX_LIBRARY = "libc++";
				CLANG_ENABLE_MODULES = YES;
				CLANG_ENABLE_OBJC_ARC = YES;
				CLANG_WARN_BOOL_CONVERSION = YES;
				CLANG_WARN_CONSTANT_CONVERSION = YES;
				CLANG_WARN_DIRECT_OBJC_ISA_USAGE = YES_ERROR;
				CLANG_WARN_DOCUMENTATION_COMMENTS = YES;
				CLANG_WARN_EMPTY_BODY = YES;
				CLANG_WARN_ENUM_CONVERSION = YES;
				CLANG_WARN_INFINITE_RECURSION = YES;
				CLANG_WARN_INT_CONVERSION = YES;
				CLANG_WARN_OBJC_ROOT_CLASS = YES_ERROR;
				CLANG_WARN_SUSPICIOUS_MOVE = YES;
				CLANG_WARN_UNREACHABLE_CODE = YES;
				CLANG_WARN__DUPLICATE_METHOD_MATCH = YES;
				CODE_SIGN_IDENTITY = "-";
				COPY_PHASE_STRIP = NO;
				DEBUG_INFORMATION_FORMAT = "dwarf-with-dsym";
				ENABLE_NS_ASSERTIONS = NO;
				ENABLE_STRICT_OBJC_MSGSEND = YES;
				GCC_C_LANGUAGE_STANDARD = gnu99;
				GCC_NO_COMMON_BLOCKS = YES;
				GCC_WARN_64_TO_32_BIT_CONVERSION = YES;
				GCC_WARN_ABOUT_RETURN_TYPE = YES_ERROR;
				GCC_WARN_UNDECLARED_SELECTOR = YES;
				GCC_WARN_UNINITIALIZED_AUTOS = YES_AGGRESSIVE;
				GCC_WARN_UNUSED_FUNCTION = YES;
				GCC_WARN_UNUSED_VARIABLE = YES;
				MACOSX_DEPLOYMENT_TARGET = 10.12;
				MTL_ENABLE_DEBUG_INFO = NO;
				SDKROOT = macosx;
			};
			name = Release;
		};
		9807DC971F1BEFA700D98404 /* Debug */ = {
			isa = XCBuildConfiguration;
			buildSettings = {
				HEADER_SEARCH_PATHS = "/Users/aatina/workspace/Game-project/Game-project/Dependancies/SDL/Mac/include";
				LIBRARY_SEARCH_PATHS = (
					"$(inherited)",
					/usr/local/Cellar/sdl2/2.0.5/lib,
					/usr/local/Cellar/sdl2_image/2.0.1_2/lib,
					"$(PROJECT_DIR)/Game-project/Dependancies/SDL/Mac/lib",
				);
				PRODUCT_NAME = "$(TARGET_NAME)";
			};
			name = Debug;
		};
		9807DC981F1BEFA700D98404 /* Release */ = {
			isa = XCBuildConfiguration;
			buildSettings = {
				HEADER_SEARCH_PATHS = "/Users/aatina/workspace/Game-project/Game-project/Dependancies/SDL/Mac/include";
				LIBRARY_SEARCH_PATHS = (
					"$(inherited)",
					/usr/local/Cellar/sdl2/2.0.5/lib,
					/usr/local/Cellar/sdl2_image/2.0.1_2/lib,
					"$(PROJECT_DIR)/Game-project/Dependancies/SDL/Mac/lib",
				);
				PRODUCT_NAME = "$(TARGET_NAME)";
			};
			name = Release;
		};
/* End XCBuildConfiguration section */

/* Begin XCConfigurationList section */
		9807DC8A1F1BEFA700D98404 /* Build configuration list for PBXProject "Game-project" */ = {
			isa = XCConfigurationList;
			buildConfigurations = (
				9807DC941F1BEFA700D98404 /* Debug */,
				9807DC951F1BEFA700D98404 /* Release */,
			);
			defaultConfigurationIsVisible = 0;
			defaultConfigurationName = Release;
		};
		9807DC961F1BEFA700D98404 /* Build configuration list for PBXNativeTarget "Game-project" */ = {
			isa = XCConfigurationList;
			buildConfigurations = (
				9807DC971F1BEFA700D98404 /* Debug */,
				9807DC981F1BEFA700D98404 /* Release */,
			);
			defaultConfigurationIsVisible = 0;
		};
/* End XCConfigurationList section */
	};
	rootObject = 9807DC871F1BEFA700D98404 /* Project object */;
}
